
Microsoft Visual Studio Solution File, Format Version 12.00
# Visual Studio Version 16
VisualStudioVersion = 16.0.30320.27
MinimumVisualStudioVersion = 10.0.40219.1
Project("{FAE04EC0-301F-11D3-BF4B-00C04F79EFBC}") = "chapter 1", "chapter 1\chapter 1.csproj", "{C4B4395A-ECFC-4B82-84C3-D2066BBBBF65}"
EndProject
Project("{FAE04EC0-301F-11D3-BF4B-00C04F79EFBC}") = "chapter 2", "chapter 2\chapter 2.csproj", "{68AE9A9A-5A92-4FB2-8EAC-FC2911C5D839}"
EndProject
Global
	GlobalSection(SolutionConfigurationPlatforms) = preSolution
		Debug|Any CPU = Debug|Any CPU
		Release|Any CPU = Release|Any CPU
	EndGlobalSection
	GlobalSection(ProjectConfigurationPlatforms) = postSolution
		{C4B4395A-ECFC-4B82-84C3-D2066BBBBF65}.Debug|Any CPU.ActiveCfg = Debug|Any CPU
		{C4B4395A-ECFC-4B82-84C3-D2066BBBBF65}.Debug|Any CPU.Build.0 = Debug|Any CPU
		{C4B4395A-ECFC-4B82-84C3-D2066BBBBF65}.Release|Any CPU.ActiveCfg = Release|Any CPU
		{C4B4395A-ECFC-4B82-84C3-D2066BBBBF65}.Release|Any CPU.Build.0 = Release|Any CPU
		{68AE9A9A-5A92-4FB2-8EAC-FC2911C5D839}.Debug|Any CPU.ActiveCfg = Debug|Any CPU
		{68AE9A9A-5A92-4FB2-8EAC-FC2911C5D839}.Debug|Any CPU.Build.0 = Debug|Any CPU
		{68AE9A9A-5A92-4FB2-8EAC-FC2911C5D839}.Release|Any CPU.ActiveCfg = Release|Any CPU
		{68AE9A9A-5A92-4FB2-8EAC-FC2911C5D839}.Release|Any CPU.Build.0 = Release|Any CPU
	EndGlobalSection
	GlobalSection(SolutionProperties) = preSolution
		HideSolutionNode = FALSE
	EndGlobalSection
	GlobalSection(ExtensibilityGlobals) = postSolution
		SolutionGuid = {F7D83FEB-7FC7-4328-943E-41EAFE7CC035}
	EndGlobalSection
EndGlobal
